
Microsoft Visual Studio Solution File, Format Version 12.00
# Visual Studio Version 16
VisualStudioVersion = 16.0.30104.148
MinimumVisualStudioVersion = 10.0.40219.1
Project("{8BC9CEB8-8B4A-11D0-8D11-00A0C91BC942}") = "HashTable", "HashTable\HashTable.vcxproj", "{4F3F90E4-01F6-44E6-A214-32B9D3BF3911}"
EndProject
Global
	GlobalSection(SolutionConfigurationPlatforms) = preSolution
		Debug|x64 = Debug|x64
		Debug|x86 = Debug|x86
		Release|x64 = Release|x64
		Release|x86 = Release|x86
	EndGlobalSection
	GlobalSection(ProjectConfigurationPlatforms) = postSolution
		{4F3F90E4-01F6-44E6-A214-32B9D3BF3911}.Debug|x64.ActiveCfg = Debug|x64
		{4F3F90E4-01F6-44E6-A214-32B9D3BF3911}.Debug|x64.Build.0 = Debug|x64
		{4F3F90E4-01F6-44E6-A214-32B9D3BF3911}.Debug|x86.ActiveCfg = Debug|Win32
		{4F3F90E4-01F6-44E6-A214-32B9D3BF3911}.Debug|x86.Build.0 = Debug|Win32
		{4F3F90E4-01F6-44E6-A214-32B9D3BF3911}.Release|x64.ActiveCfg = Release|x64
		{4F3F90E4-01F6-44E6-A214-32B9D3BF3911}.Release|x64.Build.0 = Release|x64
		{4F3F90E4-01F6-44E6-A214-32B9D3BF3911}.Release|x86.ActiveCfg = Release|Win32
		{4F3F90E4-01F6-44E6-A214-32B9D3BF3911}.Release|x86.Build.0 = Release|Win32
	EndGlobalSection
	GlobalSection(SolutionProperties) = preSolution
		HideSolutionNode = FALSE
	EndGlobalSection
	GlobalSection(ExtensibilityGlobals) = postSolution
		SolutionGuid = {9C3C5191-E365-45D0-9130-9B5AD468C3E2}
	EndGlobalSection
EndGlobal
